
Microsoft Visual Studio Solution File, Format Version 12.00
# Visual Studio Version 17
VisualStudioVersion = 17.5.002.0
MinimumVisualStudioVersion = 10.0.40219.1
Project("{2150E333-8FDC-42A3-9474-1A3956D46DE8}") = "sandbox", "sandbox", "{694D6F52-100C-4A3F-BB83-1A6B7C9AB264}"
EndProject
Project("{9A19103F-16F7-4668-BE54-9A1E7A4F7556}") = "sandbox_project", "sandbox\sandbox_project\sandbox_project.csproj", "{86CDE9C5-D9BA-45C4-A226-3A0D0BF5AEB7}"
EndProject
Project("{2150E333-8FDC-42A3-9474-1A3956D46DE8}") = "week01", "week01", "{553E1BAB-421E-4DD8-9AE3-0A3A56197FFA}"
EndProject
Project("{9A19103F-16F7-4668-BE54-9A1E7A4F7556}") = "analyze", "week01\analyze\analyze.csproj", "{63F2E4C2-BDAC-4BD2-A5F6-EC0BBDBB74EB}"
EndProject
Project("{9A19103F-16F7-4668-BE54-9A1E7A4F7556}") = "code", "week01\code\code.csproj", "{5EE75499-E11C-443C-8199-F2FCF30918A0}"
EndProject
Project("{9A19103F-16F7-4668-BE54-9A1E7A4F7556}") = "teach", "week01\teach\teach.csproj", "{633250E8-91BA-44ED-8C3F-DFB7A9557552}"
EndProject
Project("{2150E333-8FDC-42A3-9474-1A3956D46DE8}") = "week02", "week02", "{34CF46BD-B38A-4686-BF87-16695D9EC0E9}"
EndProject
Project("{9A19103F-16F7-4668-BE54-9A1E7A4F7556}") = "analyze", "week02\analyze\analyze.csproj", "{86C26D2C-8D85-4CE7-A51B-86222FFF9978}"
EndProject
Project("{9A19103F-16F7-4668-BE54-9A1E7A4F7556}") = "code", "week02\code\code.csproj", "{28D93162-D164-4F52-87B8-1CFA9CE201E4}"
EndProject
Project("{9A19103F-16F7-4668-BE54-9A1E7A4F7556}") = "learn", "week02\learn\learn.csproj", "{F4DDD33D-48C6-4F07-93BA-13BA87908322}"
EndProject
Project("{9A19103F-16F7-4668-BE54-9A1E7A4F7556}") = "teach", "week02\teach\teach.csproj", "{0F36732B-22BE-4057-A748-43F9EB256967}"
EndProject
Project("{2150E333-8FDC-42A3-9474-1A3956D46DE8}") = "week03", "week03", "{EA456219-1EB6-401D-8B71-3E2D16068CB4}"
EndProject
Project("{9A19103F-16F7-4668-BE54-9A1E7A4F7556}") = "code", "week03\code\code.csproj", "{FCD98170-E38C-4117-93CF-3F7AA359CEFC}"
EndProject
Project("{9A19103F-16F7-4668-BE54-9A1E7A4F7556}") = "learn", "week03\learn\learn.csproj", "{1B2501C0-A1BA-4FF9-98FF-8968EFFA88BB}"
EndProject
Project("{9A19103F-16F7-4668-BE54-9A1E7A4F7556}") = "teach", "week03\teach\teach.csproj", "{3FEB63CD-6534-484D-9AA6-B4CA67A97BD4}"
EndProject
Project("{2150E333-8FDC-42A3-9474-1A3956D46DE8}") = "week04", "week04", "{999B679F-F7CC-47D5-AC99-8B17544E7C8F}"
EndProject
Project("{9A19103F-16F7-4668-BE54-9A1E7A4F7556}") = "code", "week04\code\code.csproj", "{A3B72B31-3E3D-4EBB-A029-8F48F38FEAB7}"
EndProject
Project("{2150E333-8FDC-42A3-9474-1A3956D46DE8}") = "week05", "week05", "{DE1CD200-C5C0-4A89-97A6-547A203287C2}"
EndProject
Project("{9A19103F-16F7-4668-BE54-9A1E7A4F7556}") = "code", "week05\code\code.csproj", "{B2172C24-102E-4843-933E-B811DA9C9DB6}"
EndProject
Project("{2150E333-8FDC-42A3-9474-1A3956D46DE8}") = "week06", "week06", "{1387CEB8-FF7C-4AEB-935C-3F78F2960189}"
EndProject
Project("{9A19103F-16F7-4668-BE54-9A1E7A4F7556}") = "code", "week06\code\code.csproj", "{2B4BF2C1-8B22-429E-878E-0EF528DC0BE0}"
EndProject
Global
	GlobalSection(SolutionConfigurationPlatforms) = preSolution
		Debug|Any CPU = Debug|Any CPU
		Release|Any CPU = Release|Any CPU
	EndGlobalSection
	GlobalSection(ProjectConfigurationPlatforms) = postSolution
		{86CDE9C5-D9BA-45C4-A226-3A0D0BF5AEB7}.Debug|Any CPU.ActiveCfg = Debug|Any CPU
		{86CDE9C5-D9BA-45C4-A226-3A0D0BF5AEB7}.Debug|Any CPU.Build.0 = Debug|Any CPU
		{86CDE9C5-D9BA-45C4-A226-3A0D0BF5AEB7}.Release|Any CPU.ActiveCfg = Release|Any CPU
		{86CDE9C5-D9BA-45C4-A226-3A0D0BF5AEB7}.Release|Any CPU.Build.0 = Release|Any CPU
		{63F2E4C2-BDAC-4BD2-A5F6-EC0BBDBB74EB}.Debug|Any CPU.ActiveCfg = Debug|Any CPU
		{63F2E4C2-BDAC-4BD2-A5F6-EC0BBDBB74EB}.Debug|Any CPU.Build.0 = Debug|Any CPU
		{63F2E4C2-BDAC-4BD2-A5F6-EC0BBDBB74EB}.Release|Any CPU.ActiveCfg = Release|Any CPU
		{63F2E4C2-BDAC-4BD2-A5F6-EC0BBDBB74EB}.Release|Any CPU.Build.0 = Release|Any CPU
		{5EE75499-E11C-443C-8199-F2FCF30918A0}.Debug|Any CPU.ActiveCfg = Debug|Any CPU
		{5EE75499-E11C-443C-8199-F2FCF30918A0}.Debug|Any CPU.Build.0 = Debug|Any CPU
		{5EE75499-E11C-443C-8199-F2FCF30918A0}.Release|Any CPU.ActiveCfg = Release|Any CPU
		{5EE75499-E11C-443C-8199-F2FCF30918A0}.Release|Any CPU.Build.0 = Release|Any CPU
		{633250E8-91BA-44ED-8C3F-DFB7A9557552}.Debug|Any CPU.ActiveCfg = Debug|Any CPU
		{633250E8-91BA-44ED-8C3F-DFB7A9557552}.Debug|Any CPU.Build.0 = Debug|Any CPU
		{633250E8-91BA-44ED-8C3F-DFB7A9557552}.Release|Any CPU.ActiveCfg = Release|Any CPU
		{633250E8-91BA-44ED-8C3F-DFB7A9557552}.Release|Any CPU.Build.0 = Release|Any CPU
		{86C26D2C-8D85-4CE7-A51B-86222FFF9978}.Debug|Any CPU.ActiveCfg = Debug|Any CPU
		{86C26D2C-8D85-4CE7-A51B-86222FFF9978}.Debug|Any CPU.Build.0 = Debug|Any CPU
		{86C26D2C-8D85-4CE7-A51B-86222FFF9978}.Release|Any CPU.ActiveCfg = Release|Any CPU
		{86C26D2C-8D85-4CE7-A51B-86222FFF9978}.Release|Any CPU.Build.0 = Release|Any CPU
		{28D93162-D164-4F52-87B8-1CFA9CE201E4}.Debug|Any CPU.ActiveCfg = Debug|Any CPU
		{28D93162-D164-4F52-87B8-1CFA9CE201E4}.Debug|Any CPU.Build.0 = Debug|Any CPU
		{28D93162-D164-4F52-87B8-1CFA9CE201E4}.Release|Any CPU.ActiveCfg = Release|Any CPU
		{28D93162-D164-4F52-87B8-1CFA9CE201E4}.Release|Any CPU.Build.0 = Release|Any CPU
		{F4DDD33D-48C6-4F07-93BA-13BA87908322}.Debug|Any CPU.ActiveCfg = Debug|Any CPU
		{F4DDD33D-48C6-4F07-93BA-13BA87908322}.Debug|Any CPU.Build.0 = Debug|Any CPU
		{F4DDD33D-48C6-4F07-93BA-13BA87908322}.Release|Any CPU.ActiveCfg = Release|Any CPU
		{F4DDD33D-48C6-4F07-93BA-13BA87908322}.Release|Any CPU.Build.0 = Release|Any CPU
		{0F36732B-22BE-4057-A748-43F9EB256967}.Debug|Any CPU.ActiveCfg = Debug|Any CPU
		{0F36732B-22BE-4057-A748-43F9EB256967}.Debug|Any CPU.Build.0 = Debug|Any CPU
		{0F36732B-22BE-4057-A748-43F9EB256967}.Release|Any CPU.ActiveCfg = Release|Any CPU
		{0F36732B-22BE-4057-A748-43F9EB256967}.Release|Any CPU.Build.0 = Release|Any CPU
		{FCD98170-E38C-4117-93CF-3F7AA359CEFC}.Debug|Any CPU.ActiveCfg = Debug|Any CPU
		{FCD98170-E38C-4117-93CF-3F7AA359CEFC}.Debug|Any CPU.Build.0 = Debug|Any CPU
		{FCD98170-E38C-4117-93CF-3F7AA359CEFC}.Release|Any CPU.ActiveCfg = Release|Any CPU
		{FCD98170-E38C-4117-93CF-3F7AA359CEFC}.Release|Any CPU.Build.0 = Release|Any CPU
		{1B2501C0-A1BA-4FF9-98FF-8968EFFA88BB}.Debug|Any CPU.ActiveCfg = Debug|Any CPU
		{1B2501C0-A1BA-4FF9-98FF-8968EFFA88BB}.Debug|Any CPU.Build.0 = Debug|Any CPU
		{1B2501C0-A1BA-4FF9-98FF-8968EFFA88BB}.Release|Any CPU.ActiveCfg = Release|Any CPU
		{1B2501C0-A1BA-4FF9-98FF-8968EFFA88BB}.Release|Any CPU.Build.0 = Release|Any CPU
		{3FEB63CD-6534-484D-9AA6-B4CA67A97BD4}.Debug|Any CPU.ActiveCfg = Debug|Any CPU
		{3FEB63CD-6534-484D-9AA6-B4CA67A97BD4}.Debug|Any CPU.Build.0 = Debug|Any CPU
		{3FEB63CD-6534-484D-9AA6-B4CA67A97BD4}.Release|Any CPU.ActiveCfg = Release|Any CPU
		{3FEB63CD-6534-484D-9AA6-B4CA67A97BD4}.Release|Any CPU.Build.0 = Release|Any CPU
		{A3B72B31-3E3D-4EBB-A029-8F48F38FEAB7}.Debug|Any CPU.ActiveCfg = Debug|Any CPU
		{A3B72B31-3E3D-4EBB-A029-8F48F38FEAB7}.Debug|Any CPU.Build.0 = Debug|Any CPU
		{A3B72B31-3E3D-4EBB-A029-8F48F38FEAB7}.Release|Any CPU.ActiveCfg = Release|Any CPU
		{A3B72B31-3E3D-4EBB-A029-8F48F38FEAB7}.Release|Any CPU.Build.0 = Release|Any CPU
		{B2172C24-102E-4843-933E-B811DA9C9DB6}.Debug|Any CPU.ActiveCfg = Debug|Any CPU
		{B2172C24-102E-4843-933E-B811DA9C9DB6}.Debug|Any CPU.Build.0 = Debug|Any CPU
		{B2172C24-102E-4843-933E-B811DA9C9DB6}.Release|Any CPU.ActiveCfg = Release|Any CPU
		{B2172C24-102E-4843-933E-B811DA9C9DB6}.Release|Any CPU.Build.0 = Release|Any CPU
		{2B4BF2C1-8B22-429E-878E-0EF528DC0BE0}.Debug|Any CPU.ActiveCfg = Debug|Any CPU
		{2B4BF2C1-8B22-429E-878E-0EF528DC0BE0}.Debug|Any CPU.Build.0 = Debug|Any CPU
		{2B4BF2C1-8B22-429E-878E-0EF528DC0BE0}.Release|Any CPU.ActiveCfg = Release|Any CPU
		{2B4BF2C1-8B22-429E-878E-0EF528DC0BE0}.Release|Any CPU.Build.0 = Release|Any CPU
	EndGlobalSection
	GlobalSection(SolutionProperties) = preSolution
		HideSolutionNode = FALSE
	EndGlobalSection
	GlobalSection(NestedProjects) = preSolution
		{86CDE9C5-D9BA-45C4-A226-3A0D0BF5AEB7} = {694D6F52-100C-4A3F-BB83-1A6B7C9AB264}
		{63F2E4C2-BDAC-4BD2-A5F6-EC0BBDBB74EB} = {553E1BAB-421E-4DD8-9AE3-0A3A56197FFA}
		{5EE75499-E11C-443C-8199-F2FCF30918A0} = {553E1BAB-421E-4DD8-9AE3-0A3A56197FFA}
		{633250E8-91BA-44ED-8C3F-DFB7A9557552} = {553E1BAB-421E-4DD8-9AE3-0A3A56197FFA}
		{86C26D2C-8D85-4CE7-A51B-86222FFF9978} = {34CF46BD-B38A-4686-BF87-16695D9EC0E9}
		{28D93162-D164-4F52-87B8-1CFA9CE201E4} = {34CF46BD-B38A-4686-BF87-16695D9EC0E9}
		{F4DDD33D-48C6-4F07-93BA-13BA87908322} = {34CF46BD-B38A-4686-BF87-16695D9EC0E9}
		{0F36732B-22BE-4057-A748-43F9EB256967} = {34CF46BD-B38A-4686-BF87-16695D9EC0E9}
		{FCD98170-E38C-4117-93CF-3F7AA359CEFC} = {EA456219-1EB6-401D-8B71-3E2D16068CB4}
		{1B2501C0-A1BA-4FF9-98FF-8968EFFA88BB} = {EA456219-1EB6-401D-8B71-3E2D16068CB4}
		{3FEB63CD-6534-484D-9AA6-B4CA67A97BD4} = {EA456219-1EB6-401D-8B71-3E2D16068CB4}
		{A3B72B31-3E3D-4EBB-A029-8F48F38FEAB7} = {999B679F-F7CC-47D5-AC99-8B17544E7C8F}
		{B2172C24-102E-4843-933E-B811DA9C9DB6} = {DE1CD200-C5C0-4A89-97A6-547A203287C2}
		{2B4BF2C1-8B22-429E-878E-0EF528DC0BE0} = {1387CEB8-FF7C-4AEB-935C-3F78F2960189}
	EndGlobalSection
	GlobalSection(ExtensibilityGlobals) = postSolution
		SolutionGuid = {CF4CFD3E-561C-4FEF-92B6-0619B63BE451}
	EndGlobalSection
EndGlobal
